// !$*UTF8*$!
{
	archiveVersion = 1;
	classes = {
	};
	objectVersion = 46;
	objects = {

/* Begin PBXBuildFile section */
		EAE29F121F288DD600814313 /* main.swift in Sources */ = {isa = PBXBuildFile; fileRef = EAE29F111F288DD600814313 /* main.swift */; };
		EAE29F191F288DE600814313 /* InsertionSort.swift in Sources */ = {isa = PBXBuildFile; fileRef = EAE29F181F288DE600814313 /* InsertionSort.swift */; };
		EAE29F1B1F288E8800814313 /* MergeSort.swift in Sources */ = {isa = PBXBuildFile; fileRef = EAE29F1A1F288E8800814313 /* MergeSort.swift */; };
		EAE29F1D1F2893E800814313 /* SelectionSort.swift in Sources */ = {isa = PBXBuildFile; fileRef = EAE29F1C1F2893E800814313 /* SelectionSort.swift */; };
		EAE29F1F1F28944E00814313 /* LenearSearch.swift in Sources */ = {isa = PBXBuildFile; fileRef = EAE29F1E1F28944E00814313 /* LenearSearch.swift */; };
		EAE29F211F28A55200814313 /* BinarySearch.swift in Sources */ = {isa = PBXBuildFile; fileRef = EAE29F201F28A55200814313 /* BinarySearch.swift */; };
		EAE29F231F28ACB300814313 /* BubleSort.swift in Sources */ = {isa = PBXBuildFile; fileRef = EAE29F221F28ACB300814313 /* BubleSort.swift */; };
/* End PBXBuildFile section */

/* Begin PBXCopyFilesBuildPhase section */
		EAE29F0C1F288DD600814313 /* CopyFiles */ = {
			isa = PBXCopyFilesBuildPhase;
			buildActionMask = 2147483647;
			dstPath = /usr/share/man/man1/;
			dstSubfolderSpec = 0;
			files = (
			);
			runOnlyForDeploymentPostprocessing = 1;
		};
/* End PBXCopyFilesBuildPhase section */

/* Begin PBXFileReference section */
		EAE29F0E1F288DD600814313 /* Algorithms */ = {isa = PBXFileReference; explicitFileType = "compiled.mach-o.executable"; includeInIndex = 0; path = Algorithms; sourceTree = BUILT_PRODUCTS_DIR; };
		EAE29F111F288DD600814313 /* main.swift */ = {isa = PBXFileReference; lastKnownFileType = sourcecode.swift; path = main.swift; sourceTree = "<group>"; };
		EAE29F181F288DE600814313 /* InsertionSort.swift */ = {isa = PBXFileReference; fileEncoding = 4; lastKnownFileType = sourcecode.swift; path = InsertionSort.swift; sourceTree = "<group>"; };
		EAE29F1A1F288E8800814313 /* MergeSort.swift */ = {isa = PBXFileReference; fileEncoding = 4; lastKnownFileType = sourcecode.swift; path = MergeSort.swift; sourceTree = "<group>"; };
		EAE29F1C1F2893E800814313 /* SelectionSort.swift */ = {isa = PBXFileReference; fileEncoding = 4; lastKnownFileType = sourcecode.swift; path = SelectionSort.swift; sourceTree = "<group>"; };
		EAE29F1E1F28944E00814313 /* LenearSearch.swift */ = {isa = PBXFileReference; fileEncoding = 4; lastKnownFileType = sourcecode.swift; path = LenearSearch.swift; sourceTree = "<group>"; };
		EAE29F201F28A55200814313 /* BinarySearch.swift */ = {isa = PBXFileReference; fileEncoding = 4; lastKnownFileType = sourcecode.swift; path = BinarySearch.swift; sourceTree = "<group>"; };
		EAE29F221F28ACB300814313 /* BubleSort.swift */ = {isa = PBXFileReference; fileEncoding = 4; lastKnownFileType = sourcecode.swift; path = BubleSort.swift; sourceTree = "<group>"; };
/* End PBXFileReference section */

/* Begin PBXFrameworksBuildPhase section */
		EAE29F0B1F288DD600814313 /* Frameworks */ = {
			isa = PBXFrameworksBuildPhase;
			buildActionMask = 2147483647;
			files = (
			);
			runOnlyForDeploymentPostprocessing = 0;
		};
/* End PBXFrameworksBuildPhase section */

/* Begin PBXGroup section */
		EAE29F051F288DD600814313 = {
			isa = PBXGroup;
			children = (
				EAE29F101F288DD600814313 /* Algorithms */,
				EAE29F0F1F288DD600814313 /* Products */,
			);
			sourceTree = "<group>";
		};
		EAE29F0F1F288DD600814313 /* Products */ = {
			isa = PBXGroup;
			children = (
				EAE29F0E1F288DD600814313 /* Algorithms */,
			);
			name = Products;
			sourceTree = "<group>";
		};
		EAE29F101F288DD600814313 /* Algorithms */ = {
			isa = PBXGroup;
			children = (
				EAE29F111F288DD600814313 /* main.swift */,
				EAE29F181F288DE600814313 /* InsertionSort.swift */,
				EAE29F1A1F288E8800814313 /* MergeSort.swift */,
				EAE29F1C1F2893E800814313 /* SelectionSort.swift */,
				EAE29F1E1F28944E00814313 /* LenearSearch.swift */,
				EAE29F201F28A55200814313 /* BinarySearch.swift */,
				EAE29F221F28ACB300814313 /* BubleSort.swift */,
			);
			path = Algorithms;
			sourceTree = "<group>";
		};
/* End PBXGroup section */

/* Begin PBXNativeTarget section */
		EAE29F0D1F288DD600814313 /* Algorithms */ = {
			isa = PBXNativeTarget;
			buildConfigurationList = EAE29F151F288DD600814313 /* Build configuration list for PBXNativeTarget "Algorithms" */;
			buildPhases = (
				EAE29F0A1F288DD600814313 /* Sources */,
				EAE29F0B1F288DD600814313 /* Frameworks */,
				EAE29F0C1F288DD600814313 /* CopyFiles */,
			);
			buildRules = (
			);
			dependencies = (
			);
			name = Algorithms;
			productName = Algorithms;
			productReference = EAE29F0E1F288DD600814313 /* Algorithms */;
			productType = "com.apple.product-type.tool";
		};
/* End PBXNativeTarget section */

/* Begin PBXProject section */
		EAE29F061F288DD600814313 /* Project object */ = {
			isa = PBXProject;
			attributes = {
				LastSwiftUpdateCheck = 0830;
				LastUpgradeCheck = 0830;
				ORGANIZATIONNAME = "Svitlana Moiseyenko";
				TargetAttributes = {
					EAE29F0D1F288DD600814313 = {
						CreatedOnToolsVersion = 8.3.3;
						DevelopmentTeam = U8333665R6;
						ProvisioningStyle = Automatic;
					};
				};
			};
			buildConfigurationList = EAE29F091F288DD600814313 /* Build configuration list for PBXProject "Algorithms" */;
			compatibilityVersion = "Xcode 3.2";
			developmentRegion = English;
			hasScannedForEncodings = 0;
			knownRegions = (
				en,
			);
			mainGroup = EAE29F051F288DD600814313;
			productRefGroup = EAE29F0F1F288DD600814313 /* Products */;
			projectDirPath = "";
			projectRoot = "";
			targets = (
				EAE29F0D1F288DD600814313 /* Algorithms */,
			);
		};
/* End PBXProject section */

/* Begin PBXSourcesBuildPhase section */
		EAE29F0A1F288DD600814313 /* Sources */ = {
			isa = PBXSourcesBuildPhase;
			buildActionMask = 2147483647;
			files = (
				EAE29F1D1F2893E800814313 /* SelectionSort.swift in Sources */,
				EAE29F1B1F288E8800814313 /* MergeSort.swift in Sources */,
				EAE29F1F1F28944E00814313 /* LenearSearch.swift in Sources */,
				EAE29F211F28A55200814313 /* BinarySearch.swift in Sources */,
				EAE29F121F288DD600814313 /* main.swift in Sources */,
				EAE29F231F28ACB300814313 /* BubleSort.swift in Sources */,
				EAE29F191F288DE600814313 /* InsertionSort.swift in Sources */,
			);
			runOnlyForDeploymentPostprocessing = 0;
		};
/* End PBXSourcesBuildPhase section */

/* Begin XCBuildConfiguration section */
		EAE29F131F288DD600814313 /* Debug */ = {
			isa = XCBuildConfiguration;
			buildSettings = {
				ALWAYS_SEARCH_USER_PATHS = NO;
				CLANG_ANALYZER_NONNULL = YES;
				CLANG_ANALYZER_NUMBER_OBJECT_CONVERSION = YES_AGGRESSIVE;
				CLANG_CXX_LANGUAGE_STANDARD = "gnu++0x";
				CLANG_CXX_LIBRARY = "libc++";
				CLANG_ENABLE_MODULES = YES;
				CLANG_ENABLE_OBJC_ARC = YES;
				CLANG_WARN_BOOL_CONVERSION = YES;
				CLANG_WARN_CONSTANT_CONVERSION = YES;
				CLANG_WARN_DIRECT_OBJC_ISA_USAGE = YES_ERROR;
				CLANG_WARN_DOCUMENTATION_COMMENTS = YES;
				CLANG_WARN_EMPTY_BODY = YES;
				CLANG_WARN_ENUM_CONVERSION = YES;
				CLANG_WARN_INFINITE_RECURSION = YES;
				CLANG_WARN_INT_CONVERSION = YES;
				CLANG_WARN_OBJC_ROOT_CLASS = YES_ERROR;
				CLANG_WARN_SUSPICIOUS_MOVE = YES;
				CLANG_WARN_UNREACHABLE_CODE = YES;
				CLANG_WARN__DUPLICATE_METHOD_MATCH = YES;
				CODE_SIGN_IDENTITY = "-";
				COPY_PHASE_STRIP = NO;
				DEBUG_INFORMATION_FORMAT = dwarf;
				ENABLE_STRICT_OBJC_MSGSEND = YES;
				ENABLE_TESTABILITY = YES;
				GCC_C_LANGUAGE_STANDARD = gnu99;
				GCC_DYNAMIC_NO_PIC = NO;
				GCC_NO_COMMON_BLOCKS = YES;
				GCC_OPTIMIZATION_LEVEL = 0;
				GCC_PREPROCESSOR_DEFINITIONS = (
					"DEBUG=1",
					"$(inherited)",
				);
				GCC_WARN_64_TO_32_BIT_CONVERSION = YES;
				GCC_WARN_ABOUT_RETURN_TYPE = YES_ERROR;
				GCC_WARN_UNDECLARED_SELECTOR = YES;
				GCC_WARN_UNINITIALIZED_AUTOS = YES_AGGRESSIVE;
				GCC_WARN_UNUSED_FUNCTION = YES;
				GCC_WARN_UNUSED_VARIABLE = YES;
				MACOSX_DEPLOYMENT_TARGET = 10.12;
				MTL_ENABLE_DEBUG_INFO = YES;
				ONLY_ACTIVE_ARCH = YES;
				SDKROOT = macosx;
				SWIFT_OPTIMIZATION_LEVEL = "-Onone";
			};
			name = Debug;
		};
		EAE29F141F288DD600814313 /* Release */ = {
			isa = XCBuildConfiguration;
			buildSettings = {
				ALWAYS_SEARCH_USER_PATHS = NO;
				CLANG_ANALYZER_NONNULL = YES;
				CLANG_ANALYZER_NUMBER_OBJECT_CONVERSION = YES_AGGRESSIVE;
				CLANG_CXX_LANGUAGE_STANDARD = "gnu++0x";
				CLANG_CXX_LIBRARY = "libc++";
				CLANG_ENABLE_MODULES = YES;
				CLANG_ENABLE_OBJC_ARC = YES;
				CLANG_WARN_BOOL_CONVERSION = YES;
				CLANG_WARN_CONSTANT_CONVERSION = YES;
				CLANG_WARN_DIRECT_OBJC_ISA_USAGE = YES_ERROR;
				CLANG_WARN_DOCUMENTATION_COMMENTS = YES;
				CLANG_WARN_EMPTY_BODY = YES;
				CLANG_WARN_ENUM_CONVERSION = YES;
				CLANG_WARN_INFINITE_RECURSION = YES;
				CLANG_WARN_INT_CONVERSION = YES;
				CLANG_WARN_OBJC_ROOT_CLASS = YES_ERROR;
				CLANG_WARN_SUSPICIOUS_MOVE = YES;
				CLANG_WARN_UNREACHABLE_CODE = YES;
				CLANG_WARN__DUPLICATE_METHOD_MATCH = YES;
				CODE_SIGN_IDENTITY = "-";
				COPY_PHASE_STRIP = NO;
				DEBUG_INFORMATION_FORMAT = "dwarf-with-dsym";
				ENABLE_NS_ASSERTIONS = NO;
				ENABLE_STRICT_OBJC_MSGSEND = YES;
				GCC_C_LANGUAGE_STANDARD = gnu99;
				GCC_NO_COMMON_BLOCKS = YES;
				GCC_WARN_64_TO_32_BIT_CONVERSION = YES;
				GCC_WARN_ABOUT_RETURN_TYPE = YES_ERROR;
				GCC_WARN_UNDECLARED_SELECTOR = YES;
				GCC_WARN_UNINITIALIZED_AUTOS = YES_AGGRESSIVE;
				GCC_WARN_UNUSED_FUNCTION = YES;
				GCC_WARN_UNUSED_VARIABLE = YES;
				MACOSX_DEPLOYMENT_TARGET = 10.12;
				MTL_ENABLE_DEBUG_INFO = NO;
				SDKROOT = macosx;
			};
			name = Release;
		};
		EAE29F161F288DD600814313 /* Debug */ = {
			isa = XCBuildConfiguration;
			buildSettings = {
				DEVELOPMENT_TEAM = U8333665R6;
				PRODUCT_NAME = "$(TARGET_NAME)";
				SWIFT_VERSION = 3.0;
			};
			name = Debug;
		};
		EAE29F171F288DD600814313 /* Release */ = {
			isa = XCBuildConfiguration;
			buildSettings = {
				DEVELOPMENT_TEAM = U8333665R6;
				PRODUCT_NAME = "$(TARGET_NAME)";
				SWIFT_VERSION = 3.0;
			};
			name = Release;
		};
/* End XCBuildConfiguration section */

/* Begin XCConfigurationList section */
		EAE29F091F288DD600814313 /* Build configuration list for PBXProject "Algorithms" */ = {
			isa = XCConfigurationList;
			buildConfigurations = (
				EAE29F131F288DD600814313 /* Debug */,
				EAE29F141F288DD600814313 /* Release */,
			);
			defaultConfigurationIsVisible = 0;
			defaultConfigurationName = Release;
		};
		EAE29F151F288DD600814313 /* Build configuration list for PBXNativeTarget "Algorithms" */ = {
			isa = XCConfigurationList;
			buildConfigurations = (
				EAE29F161F288DD600814313 /* Debug */,
				EAE29F171F288DD600814313 /* Release */,
			);
			defaultConfigurationIsVisible = 0;
		};
/* End XCConfigurationList section */
	};
	rootObject = EAE29F061F288DD600814313 /* Project object */;
}
